<Solution>
  <Project Path="Tachylite.Android/Tachylite.Android.csproj">
    <Deploy />
  </Project>
  <Project Path="Tachylite.Browser/Tachylite.Browser.csproj" />
  <Project Path="Tachylite.Core/Tachylite.Core.csproj" />
  <Project Path="Tachylite.Desktop/Tachylite.Desktop.csproj" />
  <Project Path="Tachylite.iOS/Tachylite.iOS.csproj">
    <Deploy />
  </Project>
  <Project Path="Tachylite.App/Tachylite.App.csproj" />
  <Project Path="Tachylite.Tests/Tachylite.Tests.csproj" />
</Solution>
